
Microsoft Visual Studio Solution File, Format Version 12.00
# Visual Studio Version 16
VisualStudioVersion = 16.0.31729.503
MinimumVisualStudioVersion = 10.0.40219.1
Project("{FAE04EC0-301F-11D3-BF4B-00C04F79EFBC}") = "P03_FootballBetting", "P03_FootballBetting\P03_FootballBetting.csproj", "{7D0F2254-4E5C-4D41-8233-436C6D6B93F9}"
EndProject
Project("{FAE04EC0-301F-11D3-BF4B-00C04F79EFBC}") = "P03_FootballBetting.Data.Models", "P03_FootballBetting.Data.Models\P03_FootballBetting.Data.Models.csproj", "{CE4B52A6-5842-4151-ADD6-116D7121DFF3}"
EndProject
Project("{FAE04EC0-301F-11D3-BF4B-00C04F79EFBC}") = "P03_FootballBetting.Data", "P03_FootballBetting.Data\P03_FootballBetting.Data.csproj", "{CCE7B7AD-9E5C-4640-AF08-6CADCF97BFEB}"
EndProject
Global
	GlobalSection(SolutionConfigurationPlatforms) = preSolution
		Debug|Any CPU = Debug|Any CPU
		Release|Any CPU = Release|Any CPU
	EndGlobalSection
	GlobalSection(ProjectConfigurationPlatforms) = postSolution
		{7D0F2254-4E5C-4D41-8233-436C6D6B93F9}.Debug|Any CPU.ActiveCfg = Debug|Any CPU
		{7D0F2254-4E5C-4D41-8233-436C6D6B93F9}.Debug|Any CPU.Build.0 = Debug|Any CPU
		{7D0F2254-4E5C-4D41-8233-436C6D6B93F9}.Release|Any CPU.ActiveCfg = Release|Any CPU
		{7D0F2254-4E5C-4D41-8233-436C6D6B93F9}.Release|Any CPU.Build.0 = Release|Any CPU
		{CE4B52A6-5842-4151-ADD6-116D7121DFF3}.Debug|Any CPU.ActiveCfg = Debug|Any CPU
		{CE4B52A6-5842-4151-ADD6-116D7121DFF3}.Debug|Any CPU.Build.0 = Debug|Any CPU
		{CE4B52A6-5842-4151-ADD6-116D7121DFF3}.Release|Any CPU.ActiveCfg = Release|Any CPU
		{CE4B52A6-5842-4151-ADD6-116D7121DFF3}.Release|Any CPU.Build.0 = Release|Any CPU
		{CCE7B7AD-9E5C-4640-AF08-6CADCF97BFEB}.Debug|Any CPU.ActiveCfg = Debug|Any CPU
		{CCE7B7AD-9E5C-4640-AF08-6CADCF97BFEB}.Debug|Any CPU.Build.0 = Debug|Any CPU
		{CCE7B7AD-9E5C-4640-AF08-6CADCF97BFEB}.Release|Any CPU.ActiveCfg = Release|Any CPU
		{CCE7B7AD-9E5C-4640-AF08-6CADCF97BFEB}.Release|Any CPU.Build.0 = Release|Any CPU
	EndGlobalSection
	GlobalSection(SolutionProperties) = preSolution
		HideSolutionNode = FALSE
	EndGlobalSection
	GlobalSection(ExtensibilityGlobals) = postSolution
		SolutionGuid = {C0043459-8ABC-4FB5-A624-51AF1550E2D9}
	EndGlobalSection
EndGlobal
